
Microsoft Visual Studio Solution File, Format Version 12.00
# Visual Studio 2012
Project("{FAE04EC0-301F-11D3-BF4B-00C04F79EFBC}") = "MazeDoodle", "MazeDoodle\MazeDoodle.csproj", "{9A456DB6-C2EA-459A-86C4-DC9B622134EE}"
	ProjectSection(ProjectDependencies) = postProject
		{620CE339-8D20-40CE-AC38-DD53DF810191} = {620CE339-8D20-40CE-AC38-DD53DF810191}
		{D714E255-92A1-4866-962F-A7879BE160DF} = {D714E255-92A1-4866-962F-A7879BE160DF}
	EndProjectSection
EndProject
Project("{FAE04EC0-301F-11D3-BF4B-00C04F79EFBC}") = "DoodleControl", "DoodleControl\DoodleControl.csproj", "{620CE339-8D20-40CE-AC38-DD53DF810191}"
EndProject
Project("{FAE04EC0-301F-11D3-BF4B-00C04F79EFBC}") = "TextureChoose", "TextureChoose\TextureChoose.csproj", "{D714E255-92A1-4866-962F-A7879BE160DF}"
	ProjectSection(ProjectDependencies) = postProject
		{620CE339-8D20-40CE-AC38-DD53DF810191} = {620CE339-8D20-40CE-AC38-DD53DF810191}
	EndProjectSection
EndProject
Project("{FAE04EC0-301F-11D3-BF4B-00C04F79EFBC}") = "TestCake", "TestCake\TestCake.csproj", "{8720C7BB-7803-46F3-BC02-E3CC96FE6F29}"
	ProjectSection(ProjectDependencies) = postProject
		{620CE339-8D20-40CE-AC38-DD53DF810191} = {620CE339-8D20-40CE-AC38-DD53DF810191}
		{D714E255-92A1-4866-962F-A7879BE160DF} = {D714E255-92A1-4866-962F-A7879BE160DF}
	EndProjectSection
EndProject
Global
	GlobalSection(SolutionConfigurationPlatforms) = preSolution
		Debug|Any CPU = Debug|Any CPU
		Release|Any CPU = Release|Any CPU
	EndGlobalSection
	GlobalSection(ProjectConfigurationPlatforms) = postSolution
		{9A456DB6-C2EA-459A-86C4-DC9B622134EE}.Debug|Any CPU.ActiveCfg = Debug|Any CPU
		{9A456DB6-C2EA-459A-86C4-DC9B622134EE}.Debug|Any CPU.Build.0 = Debug|Any CPU
		{9A456DB6-C2EA-459A-86C4-DC9B622134EE}.Release|Any CPU.ActiveCfg = Release|Any CPU
		{9A456DB6-C2EA-459A-86C4-DC9B622134EE}.Release|Any CPU.Build.0 = Release|Any CPU
		{620CE339-8D20-40CE-AC38-DD53DF810191}.Debug|Any CPU.ActiveCfg = Debug|Any CPU
		{620CE339-8D20-40CE-AC38-DD53DF810191}.Debug|Any CPU.Build.0 = Debug|Any CPU
		{620CE339-8D20-40CE-AC38-DD53DF810191}.Release|Any CPU.ActiveCfg = Release|Any CPU
		{620CE339-8D20-40CE-AC38-DD53DF810191}.Release|Any CPU.Build.0 = Release|Any CPU
		{D714E255-92A1-4866-962F-A7879BE160DF}.Debug|Any CPU.ActiveCfg = Debug|Any CPU
		{D714E255-92A1-4866-962F-A7879BE160DF}.Debug|Any CPU.Build.0 = Debug|Any CPU
		{D714E255-92A1-4866-962F-A7879BE160DF}.Release|Any CPU.ActiveCfg = Release|Any CPU
		{D714E255-92A1-4866-962F-A7879BE160DF}.Release|Any CPU.Build.0 = Release|Any CPU
		{8720C7BB-7803-46F3-BC02-E3CC96FE6F29}.Debug|Any CPU.ActiveCfg = Debug|Any CPU
		{8720C7BB-7803-46F3-BC02-E3CC96FE6F29}.Debug|Any CPU.Build.0 = Debug|Any CPU
		{8720C7BB-7803-46F3-BC02-E3CC96FE6F29}.Release|Any CPU.ActiveCfg = Release|Any CPU
		{8720C7BB-7803-46F3-BC02-E3CC96FE6F29}.Release|Any CPU.Build.0 = Release|Any CPU
	EndGlobalSection
	GlobalSection(SolutionProperties) = preSolution
		HideSolutionNode = FALSE
	EndGlobalSection
EndGlobal
